<?xml version="1.0" encoding="utf-8"?>
<Project ToolsVersion="4.0" xmlns="http://schemas.microsoft.com/developer/msbuild/2003">
  <ItemGroup>
    <ClCompile Include="CarRace_22072024.cpp" />
    <ClCompile Include="CVector2D.cpp" />
    <ClCompile Include="CHoverCar.cpp" />
    <ClCompile Include="CCollider.cpp" />
    <ClCompile Include="CCollider_Box.cpp" />
    <ClCompile Include="CCollider_Sphere.cpp" />
    <ClCompile Include="CCross.cpp" />
    <ClCompile Include="CLevelItem.cpp" />
    <ClCompile Include="CWallSection_LI.cpp" />
    <ClCompile Include="CCheckpoint_LI.cpp" />
  </ItemGroup>
  <ItemGroup>
    <ClInclude Include="CVector2D.h" />
    <ClInclude Include="CHoverCar.h" />
    <ClInclude Include="CCollider.h" />
    <ClInclude Include="CCollider_Box.h" />
    <ClInclude Include="CCollider_Sphere.h" />
    <ClInclude Include="CCross.h" />
    <ClInclude Include="CLevelItem.h" />
    <ClInclude Include="CWallSection_LI.h" />
    <ClInclude Include="CCheckpoint_LI.h" />
  </ItemGroup>
</Project>